
Microsoft Visual Studio Solution File, Format Version 12.00
# Visual Studio Version 17
VisualStudioVersion = 17.0.32112.339
MinimumVisualStudioVersion = 10.0.40219.1
Project("{FAE04EC0-301F-11D3-BF4B-00C04F79EFBC}") = "BookRecords.Core", "BookRecords.Core\BookRecords.Core.csproj", "{63852F83-98C7-4AD8-9AE9-F20030E38655}"
EndProject
Project("{FAE04EC0-301F-11D3-BF4B-00C04F79EFBC}") = "BookRecords.Repository", "BookRecords.Repository\BookRecords.Repository.csproj", "{0BD833B3-0A11-4D5E-A535-EE1D48ADA18A}"
EndProject
Project("{FAE04EC0-301F-11D3-BF4B-00C04F79EFBC}") = "BookRecords.Service", "BookRecords.Service\BookRecords.Service.csproj", "{44178FBA-752C-4EC3-BD70-458DE3B05C3F}"
EndProject
Project("{FAE04EC0-301F-11D3-BF4B-00C04F79EFBC}") = "BookRecords.Web", "BookRecords.Web\BookRecords.Web.csproj", "{C1F70092-A385-4B3C-AF4D-72582E304ACA}"
EndProject
Global
	GlobalSection(SolutionConfigurationPlatforms) = preSolution
		Debug|Any CPU = Debug|Any CPU
		Release|Any CPU = Release|Any CPU
	EndGlobalSection
	GlobalSection(ProjectConfigurationPlatforms) = postSolution
		{63852F83-98C7-4AD8-9AE9-F20030E38655}.Debug|Any CPU.ActiveCfg = Debug|Any CPU
		{63852F83-98C7-4AD8-9AE9-F20030E38655}.Debug|Any CPU.Build.0 = Debug|Any CPU
		{63852F83-98C7-4AD8-9AE9-F20030E38655}.Release|Any CPU.ActiveCfg = Release|Any CPU
		{63852F83-98C7-4AD8-9AE9-F20030E38655}.Release|Any CPU.Build.0 = Release|Any CPU
		{0BD833B3-0A11-4D5E-A535-EE1D48ADA18A}.Debug|Any CPU.ActiveCfg = Debug|Any CPU
		{0BD833B3-0A11-4D5E-A535-EE1D48ADA18A}.Debug|Any CPU.Build.0 = Debug|Any CPU
		{0BD833B3-0A11-4D5E-A535-EE1D48ADA18A}.Release|Any CPU.ActiveCfg = Release|Any CPU
		{0BD833B3-0A11-4D5E-A535-EE1D48ADA18A}.Release|Any CPU.Build.0 = Release|Any CPU
		{44178FBA-752C-4EC3-BD70-458DE3B05C3F}.Debug|Any CPU.ActiveCfg = Debug|Any CPU
		{44178FBA-752C-4EC3-BD70-458DE3B05C3F}.Debug|Any CPU.Build.0 = Debug|Any CPU
		{44178FBA-752C-4EC3-BD70-458DE3B05C3F}.Release|Any CPU.ActiveCfg = Release|Any CPU
		{44178FBA-752C-4EC3-BD70-458DE3B05C3F}.Release|Any CPU.Build.0 = Release|Any CPU
		{C1F70092-A385-4B3C-AF4D-72582E304ACA}.Debug|Any CPU.ActiveCfg = Debug|Any CPU
		{C1F70092-A385-4B3C-AF4D-72582E304ACA}.Debug|Any CPU.Build.0 = Debug|Any CPU
		{C1F70092-A385-4B3C-AF4D-72582E304ACA}.Release|Any CPU.ActiveCfg = Release|Any CPU
		{C1F70092-A385-4B3C-AF4D-72582E304ACA}.Release|Any CPU.Build.0 = Release|Any CPU
	EndGlobalSection
	GlobalSection(SolutionProperties) = preSolution
		HideSolutionNode = FALSE
	EndGlobalSection
	GlobalSection(ExtensibilityGlobals) = postSolution
		SolutionGuid = {960CD560-E9DA-4728-A56D-BCA0D5562150}
	EndGlobalSection
EndGlobal
